{
  "name": "async-node-wamp",
  "version": "1.0.0",
  "lockfileVersion": 1,
  "requires": true,
  "dependencies": {
    "@types/async": {
      "version": "2.0.42",
      "resolved": "https://registry.npmjs.org/@types/async/-/async-2.0.42.tgz",
      "integrity": "sha512-rmsnoIPcAHn9k0HtBktG0vFQIJlQQvLofo70pWly8itQzqG5c/ILSZqmXLsCdJpT1X5wpxO0F3rb3GB5xCiDAA=="
    },
    "@types/autobahn": {
      "version": "0.9.33",
      "resolved": "https://registry.npmjs.org/@types/autobahn/-/autobahn-0.9.33.tgz",
      "integrity": "sha1-zr/d15LuLy5GWz1IwrnkhX8FGHA=",
      "requires": {
        "@types/when": "*"
      }
    },
    "@types/fs-extra": {
      "version": "4.0.1",
      "resolved": "https://registry.npmjs.org/@types/fs-extra/-/fs-extra-4.0.1.tgz",
      "integrity": "sha512-W89YCqWtFqw5nGNs3+aWtddy28ahRaaO8w3HR3plnU2xG2RZkXJNxCkz6al2QPmtbTHoDp2P1+GewCJ5mzvpbA==",
      "requires": {
        "@types/node": "*"
      }
    },
    "@types/node": {
      "version": "7.0.5",
      "resolved": "https://registry.npmjs.org/@types/node/-/node-7.0.5.tgz",
      "integrity": "sha1-lqDwphi3tgbx7FR0A8AGUCEL+7c="
    },
    "@types/when": {
      "version": "2.4.33",
      "resolved": "https://registry.npmjs.org/@types/when/-/when-2.4.33.tgz",
      "integrity": "sha512-08Hn02uVEZ1dH5AXCMlnb26PS1HyIkDo32epUu/1KLuGugBaaIlHGeTJE9VpTIfM3s726/ZXyuloRsUistO3Lg=="
    },
    "async": {
      "version": "2.5.0",
      "resolved": "https://registry.npmjs.org/async/-/async-2.5.0.tgz",
      "integrity": "sha512-e+lJAJeNWuPCNyxZKOBdaJGyLGHugXVQtrAwtuAe2vhxTYxFTKE73p8JuTmdH0qdQZtDvI4dhJwjZc5zsfIsYw==",
      "requires": {
        "lodash": "^4.14.0"
      }
    },
    "async-limiter": {
      "version": "1.0.0",
      "resolved": "https://registry.npmjs.org/async-limiter/-/async-limiter-1.0.0.tgz",
      "integrity": "sha512-jp/uFnooOiO+L211eZOoSyzpOITMXx1rBITauYykG3BRYPu8h0UcxsPNB04RR5vo4Tyz3+ay17tR6JVf9qzYWg=="
    },
    "autobahn": {
      "version": "0.11.2",
      "resolved": "https://registry.npmjs.org/autobahn/-/autobahn-0.11.2.tgz",
      "integrity": "sha1-E4RLfdCA7SUe501Nd8ViNehhYCo=",
      "requires": {
        "bufferutil": ">= 1.2.1",
        "crypto-js": ">= 3.1.8",
        "int64-buffer": ">= 0.1.9",
        "msgpack-lite": ">= 0.1.26",
        "tweetnacl": ">= 0.14.3",
        "utf-8-validate": ">= 1.2.1",
        "when": ">= 3.7.7",
        "ws": ">= 1.1.1"
      }
    },
    "bignumber.js": {
      "version": "8.0.2",
      "resolved": "https://registry.npmjs.org/bignumber.js/-/bignumber.js-8.0.2.tgz",
      "integrity": "sha512-EiuvFrnbv0jFixEQ9f58jo7X0qI2lNGIr/MxntmVzQc5JUweDSh8y8hbTCAomFtqwUPIOWcLXP0VEOSZTG7FFw=="
    },
    "bl": {
      "version": "2.1.2",
      "resolved": "https://registry.npmjs.org/bl/-/bl-2.1.2.tgz",
      "integrity": "sha512-DvC0x+PxmSJNx8wXoFV15pC2+GOJ3ohb4F1REq3X32a2Z3nEBpR1Guu740M7ouYAImFj4BXDNilLNZbygtG9lQ==",
      "requires": {
        "readable-stream": "^2.3.5",
        "safe-buffer": "^5.1.1"
      }
    },
    "bufferutil": {
      "version": "4.0.1",
      "resolved": "https://registry.npmjs.org/bufferutil/-/bufferutil-4.0.1.tgz",
      "integrity": "sha512-xowrxvpxojqkagPcWRQVXZl0YXhRhAtBEIq3VoER1NH5Mw1n1o0ojdspp+GS2J//2gCVyrzQDApQ4unGF+QOoA==",
      "optional": true,
      "requires": {
        "node-gyp-build": "~3.7.0"
      }
    },
    "cbor": {
      "version": "4.1.4",
      "resolved": "https://registry.npmjs.org/cbor/-/cbor-4.1.4.tgz",
      "integrity": "sha512-SqNWyQnnYtKAPLA7lupvuGKrEgoF2rR/7I9rXdmW/9uxtmKdltthHTf8hfLLN1SIkoAFwz/jb6+VZuaHv3Lv6Q==",
      "requires": {
        "bignumber.js": "^8.0.1",
        "commander": "^2.19.0",
        "json-text-sequence": "^0.1",
        "nofilter": "^1.0.1"
      }
    },
    "commander": {
      "version": "2.19.0",
      "resolved": "https://registry.npmjs.org/commander/-/commander-2.19.0.tgz",
      "integrity": "sha512-6tvAOO+D6OENvRAh524Dh9jcfKTYDQAqvqezbCW82xj5X0pSrcpxtvRKHLG0yBY6SD7PSDrJaj+0AiOcKVd1Xg=="
    },
    "core-util-is": {
      "version": "1.0.2",
      "resolved": "https://registry.npmjs.org/core-util-is/-/core-util-is-1.0.2.tgz",
      "integrity": "sha1-tf1UIgqivFq1eqtxQMlAdUUDwac="
    },
    "crypto-js": {
      "version": "3.1.8",
      "resolved": "https://registry.npmjs.org/crypto-js/-/crypto-js-3.1.8.tgz",
      "integrity": "sha1-cV8HC/YBTyrpkqmLOSkli3E/CNU="
    },
    "delimit-stream": {
      "version": "0.1.0",
      "resolved": "https://registry.npmjs.org/delimit-stream/-/delimit-stream-0.1.0.tgz",
      "integrity": "sha1-m4MZR3wOX4rrPONXrjBfwl6hzSs="
    },
    "event-lite": {
      "version": "0.1.2",
      "resolved": "https://registry.npmjs.org/event-lite/-/event-lite-0.1.2.tgz",
      "integrity": "sha512-HnSYx1BsJ87/p6swwzv+2v6B4X+uxUteoDfRxsAb1S1BePzQqOLevVmkdA15GHJVd9A9Ok6wygUR18Hu0YeV9g=="
    },
    "fs-extra": {
      "version": "4.0.1",
      "resolved": "https://registry.npmjs.org/fs-extra/-/fs-extra-4.0.1.tgz",
      "integrity": "sha1-f8DGyJV/mD9X8waiTlud3Y0N2IA=",
      "requires": {
        "graceful-fs": "^4.1.2",
        "jsonfile": "^3.0.0",
        "universalify": "^0.1.0"
      }
    },
    "graceful-fs": {
      "version": "4.1.15",
      "resolved": "https://registry.npmjs.org/graceful-fs/-/graceful-fs-4.1.15.tgz",
      "integrity": "sha512-6uHUhOPEBgQ24HM+r6b/QwWfZq+yiFcipKFrOFiBEnWdy5sdzYoi+pJeQaPI5qOLRFqWmAXUPQNsielzdLoecA=="
    },
    "ieee754": {
      "version": "1.1.12",
      "resolved": "https://registry.npmjs.org/ieee754/-/ieee754-1.1.12.tgz",
      "integrity": "sha512-GguP+DRY+pJ3soyIiGPTvdiVXjZ+DbXOxGpXn3eMvNW4x4irjqXm4wHKscC+TfxSJ0yw/S1F24tqdMNsMZTiLA=="
    },
    "inherits": {
      "version": "2.0.3",
      "resolved": "https://registry.npmjs.org/inherits/-/inherits-2.0.3.tgz",
      "integrity": "sha1-Yzwsg+PaQqUC9SRmAiSA9CCCYd4="
    },
    "int64-buffer": {
      "version": "0.99.1007",
      "resolved": "https://registry.npmjs.org/int64-buffer/-/int64-buffer-0.99.1007.tgz",
      "integrity": "sha512-XDBEu44oSTqlvCSiOZ/0FoUkpWu/vwjJLGSKDabNISPQNZ5wub1FodGHBljRsrR0IXRPq7SslshZYMuA55CgTQ=="
    },
    "isarray": {
      "version": "1.0.0",
      "resolved": "https://registry.npmjs.org/isarray/-/isarray-1.0.0.tgz",
      "integrity": "sha1-u5NdSFgsuhaMBoNJV6VKPgcSTxE="
    },
    "json-text-sequence": {
      "version": "0.1.1",
      "resolved": "https://registry.npmjs.org/json-text-sequence/-/json-text-sequence-0.1.1.tgz",
      "integrity": "sha1-py8hfcSvxGKf/1/rME3BvVGi89I=",
      "requires": {
        "delimit-stream": "0.1.0"
      }
    },
    "jsonfile": {
      "version": "3.0.1",
      "resolved": "https://registry.npmjs.org/jsonfile/-/jsonfile-3.0.1.tgz",
      "integrity": "sha1-pezG9l9T9mLEQVx2daAzHQmS7GY=",
      "requires": {
        "graceful-fs": "^4.1.6"
      }
    },
    "lodash": {
      "version": "4.17.11",
      "resolved": "https://registry.npmjs.org/lodash/-/lodash-4.17.11.tgz",
      "integrity": "sha512-cQKh8igo5QUhZ7lg38DYWAxMvjSAKG0A8wGSVimP07SIUEK2UO+arSRKbRZWtelMtN5V0Hkwh5ryOto/SshYIg=="
    },
    "msgpack-lite": {
      "version": "0.1.26",
      "resolved": "https://registry.npmjs.org/msgpack-lite/-/msgpack-lite-0.1.26.tgz",
      "integrity": "sha1-3TxQsm8FnyXn7e42REGDWOKprYk=",
      "requires": {
        "event-lite": "^0.1.1",
        "ieee754": "^1.1.8",
        "int64-buffer": "^0.1.9",
        "isarray": "^1.0.0"
      },
      "dependencies": {
        "int64-buffer": {
          "version": "0.1.10",
          "resolved": "https://registry.npmjs.org/int64-buffer/-/int64-buffer-0.1.10.tgz",
          "integrity": "sha1-J3siiofZWtd30HwTgyAiQGpHNCM="
        }
      }
    },
    "msgpack5": {
      "version": "4.2.1",
      "resolved": "https://registry.npmjs.org/msgpack5/-/msgpack5-4.2.1.tgz",
      "integrity": "sha512-Xo7nE9ZfBVonQi1rSopNAqPdts/QHyuSEUwIEzAkB+V2FtmkkLUbP6MyVqVVQxsZYI65FpvW3Bb8Z9ZWEjbgHQ==",
      "requires": {
        "bl": "^2.0.1",
        "inherits": "^2.0.3",
        "readable-stream": "^2.3.6",
        "safe-buffer": "^5.1.2"
      }
    },
    "node-gyp-build": {
      "version": "3.7.0",
      "resolved": "https://registry.npmjs.org/node-gyp-build/-/node-gyp-build-3.7.0.tgz",
      "integrity": "sha512-L/Eg02Epx6Si2NXmedx+Okg+4UHqmaf3TNcxd50SF9NQGcJaON3AtU++kax69XV7YWz4tUspqZSAsVofhFKG2w==",
      "optional": true
    },
    "nofilter": {
      "version": "1.0.1",
      "resolved": "https://registry.npmjs.org/nofilter/-/nofilter-1.0.1.tgz",
      "integrity": "sha512-p2J1rODXWkqM5NAT7TMUmKGAcnUreT4uSTUar+vdrquOXV5vn8oHW2hBU0LeQSh6nwz4xkxcpRE89UGk+eQUcw=="
    },
    "process-nextick-args": {
      "version": "2.0.0",
      "resolved": "https://registry.npmjs.org/process-nextick-args/-/process-nextick-args-2.0.0.tgz",
      "integrity": "sha512-MtEC1TqN0EU5nephaJ4rAtThHtC86dNN9qCuEhtshvpVBkAW5ZO7BASN9REnF9eoXGcRub+pFuKEpOHE+HbEMw=="
    },
    "readable-stream": {
      "version": "2.3.6",
      "resolved": "https://registry.npmjs.org/readable-stream/-/readable-stream-2.3.6.tgz",
      "integrity": "sha512-tQtKA9WIAhBF3+VLAseyMqZeBjW0AHJoxOtYqSUZNJxauErmLbVm2FW1y+J/YA9dUrAC39ITejlZWhVIwawkKw==",
      "requires": {
        "core-util-is": "~1.0.0",
        "inherits": "~2.0.3",
        "isarray": "~1.0.0",
        "process-nextick-args": "~2.0.0",
        "safe-buffer": "~5.1.1",
        "string_decoder": "~1.1.1",
        "util-deprecate": "~1.0.1"
      }
    },
    "safe-buffer": {
      "version": "5.1.2",
      "resolved": "https://registry.npmjs.org/safe-buffer/-/safe-buffer-5.1.2.tgz",
      "integrity": "sha512-Gd2UZBJDkXlY7GbJxfsE8/nvKkUEU1G38c1siN6QP6a9PT9MmHB8GnpscSmMJSoF8LOIrt8ud/wPtojys4G6+g=="
    },
    "string_decoder": {
      "version": "1.1.1",
      "resolved": "https://registry.npmjs.org/string_decoder/-/string_decoder-1.1.1.tgz",
      "integrity": "sha512-n/ShnvDi6FHbbVfviro+WojiFzv+s8MPMHBczVePfUpDJLwoLT0ht1l4YwBCbi8pJAveEEdnkHyPyTP/mzRfwg==",
      "requires": {
        "safe-buffer": "~5.1.0"
      }
    },
    "tweetnacl": {
      "version": "1.0.1",
      "resolved": "https://registry.npmjs.org/tweetnacl/-/tweetnacl-1.0.1.tgz",
      "integrity": "sha512-kcoMoKTPYnoeS50tzoqjPY3Uv9axeuuFAZY9M/9zFnhoVvRfxz9K29IMPD7jGmt2c8SW7i3gT9WqDl2+nV7p4A=="
    },
    "typescript": {
      "version": "2.4.2",
      "resolved": "https://registry.npmjs.org/typescript/-/typescript-2.4.2.tgz",
      "integrity": "sha1-+DlfhdRZJ2BnyYiqQYN6j4KHCEQ=",
      "dev": true
    },
    "universalify": {
      "version": "0.1.2",
      "resolved": "https://registry.npmjs.org/universalify/-/universalify-0.1.2.tgz",
      "integrity": "sha512-rBJeI5CXAlmy1pV+617WB9J63U6XcazHHF2f2dbJix4XzpUF0RS3Zbj0FGIOCAva5P/d/GBOYaACQ1w+0azUkg=="
    },
    "utf-8-validate": {
      "version": "5.0.2",
      "resolved": "https://registry.npmjs.org/utf-8-validate/-/utf-8-validate-5.0.2.tgz",
      "integrity": "sha512-SwV++i2gTD5qh2XqaPzBnNX88N6HdyhQrNNRykvcS0QKvItV9u3vPEJr+X5Hhfb1JC0r0e1alL0iB09rY8+nmw==",
      "optional": true,
      "requires": {
        "node-gyp-build": "~3.7.0"
      }
    },
    "util-deprecate": {
      "version": "1.0.2",
      "resolved": "https://registry.npmjs.org/util-deprecate/-/util-deprecate-1.0.2.tgz",
      "integrity": "sha1-RQ1Nyfpw3nMnYvvS1KKJgUGaDM8="
    },
    "waapi": {
      "version": "2017.2.0",
      "resolved": "https://registry.npmjs.org/waapi/-/waapi-2017.2.0.tgz",
      "integrity": "sha1-TYZ28iRYpK51QV5WFowz3MYe60g="
    },
    "waapi-client": {
      "version": "2017.2.1",
      "resolved": "https://registry.npmjs.org/waapi-client/-/waapi-client-2017.2.1.tgz",
      "integrity": "sha1-6dty+4cLf0x4dhPOnmiGdB+BvcM=",
      "requires": {
        "@types/autobahn": "0.9.38",
        "autobahn": "18.3.2"
      },
      "dependencies": {
        "@types/autobahn": {
          "version": "0.9.38",
          "resolved": "https://registry.npmjs.org/@types/autobahn/-/autobahn-0.9.38.tgz",
          "integrity": "sha512-SDV2fQUBfVg3/kndtYiaoPMevIBxmPfR1kZFebTrnOY8h3FF63QuKqljh7OOUBU+pLOCSphhQBuA5nEAtFkwbA==",
          "requires": {
            "@types/when": "*"
          }
        },
        "autobahn": {
          "version": "18.3.2",
          "resolved": "https://registry.npmjs.org/autobahn/-/autobahn-18.3.2.tgz",
          "integrity": "sha1-uWZrOyI6vdgPB2dEHu/RJ2I3Jcs=",
          "requires": {
            "bufferutil": ">= 1.2.1",
            "cbor": ">= 3.0.0",
            "crypto-js": ">= 3.1.8",
            "msgpack5": ">= 3.6.0",
            "tweetnacl": ">= 0.14.3",
            "utf-8-validate": ">= 1.2.1",
            "when": ">= 3.7.7",
            "ws": ">= 1.1.4"
          }
        }
      }
    },
    "when": {
      "version": "3.7.8",
      "resolved": "https://registry.npmjs.org/when/-/when-3.7.8.tgz",
      "integrity": "sha1-xxMLan6gRpPoQs3J56Hyqjmjn4I="
    },
    "ws": {
      "version": "6.1.3",
      "resolved": "https://registry.npmjs.org/ws/-/ws-6.1.3.tgz",
      "integrity": "sha512-tbSxiT+qJI223AP4iLfQbkbxkwdFcneYinM2+x46Gx2wgvbaOMO36czfdfVUBRTHvzAMRhDd98sA5d/BuWbQdg==",
      "requires": {
        "async-limiter": "~1.0.0"
      }
    }
  }
}
